
Microsoft Visual Studio Solution File, Format Version 12.00
# Visual Studio 2013
VisualStudioVersion = 12.0.31101.0
MinimumVisualStudioVersion = 10.0.40219.1
Project("{2150E333-8FDC-42A3-9474-1A3956D46DE8}") = "3-Domain", "3-Domain", "{55E57391-9509-43D4-A458-93FB4766FE7B}"
EndProject
Project("{FAE04EC0-301F-11D3-BF4B-00C04F79EFBC}") = "GMAO.Domain", "GMAO.Domain\GMAO.Domain.csproj", "{71A188FC-F798-41F7-8CB8-814398CE674D}"
EndProject
Project("{2150E333-8FDC-42A3-9474-1A3956D46DE8}") = "4-Infrastructure", "4-Infrastructure", "{1D76E208-31D3-4B00-A8B5-808348673FDE}"
EndProject
Project("{2150E333-8FDC-42A3-9474-1A3956D46DE8}") = "Data", "Data", "{CE368551-4B9F-4C54-9CD7-337A0BAC36C0}"
EndProject
Project("{FAE04EC0-301F-11D3-BF4B-00C04F79EFBC}") = "GMAO.Infra", "GMAO.Infra\GMAO.Infra.csproj", "{DA672856-1721-4AF4-AE54-C78C4E808295}"
EndProject
Project("{2150E333-8FDC-42A3-9474-1A3956D46DE8}") = "2-Application", "2-Application", "{3BDB1DD5-E3A7-4971-909D-D7453D435EE5}"
EndProject
Project("{FAE04EC0-301F-11D3-BF4B-00C04F79EFBC}") = "GMAO.App", "GMAO.App\GMAO.App.csproj", "{CACA82DA-3823-48F5-9AB3-DD2337AEED66}"
EndProject
Project("{2150E333-8FDC-42A3-9474-1A3956D46DE8}") = "Cross-Cutting", "Cross-Cutting", "{E4E539B0-3592-4D34-B900-98FCA50F9D80}"
EndProject
Project("{FAE04EC0-301F-11D3-BF4B-00C04F79EFBC}") = "GMAO.Ioc", "GMAO.Ioc\GMAO.Ioc.csproj", "{9CA71D53-63DE-4C90-8548-B6BD296A04D6}"
EndProject
Project("{2150E333-8FDC-42A3-9474-1A3956D46DE8}") = "0-Presentation", "0-Presentation", "{4075BFEE-F5D3-4195-9296-224FEB86F325}"
EndProject
Project("{FAE04EC0-301F-11D3-BF4B-00C04F79EFBC}") = "GMAO.MVC", "GMAO.MVC\GMAO.MVC.csproj", "{30D5B6AC-1C03-4656-8A2F-00028E10962A}"
EndProject
Global
	GlobalSection(SolutionConfigurationPlatforms) = preSolution
		Debug|Any CPU = Debug|Any CPU
		Release|Any CPU = Release|Any CPU
	EndGlobalSection
	GlobalSection(ProjectConfigurationPlatforms) = postSolution
		{71A188FC-F798-41F7-8CB8-814398CE674D}.Debug|Any CPU.ActiveCfg = Debug|Any CPU
		{71A188FC-F798-41F7-8CB8-814398CE674D}.Debug|Any CPU.Build.0 = Debug|Any CPU
		{71A188FC-F798-41F7-8CB8-814398CE674D}.Release|Any CPU.ActiveCfg = Release|Any CPU
		{71A188FC-F798-41F7-8CB8-814398CE674D}.Release|Any CPU.Build.0 = Release|Any CPU
		{DA672856-1721-4AF4-AE54-C78C4E808295}.Debug|Any CPU.ActiveCfg = Debug|Any CPU
		{DA672856-1721-4AF4-AE54-C78C4E808295}.Debug|Any CPU.Build.0 = Debug|Any CPU
		{DA672856-1721-4AF4-AE54-C78C4E808295}.Release|Any CPU.ActiveCfg = Release|Any CPU
		{DA672856-1721-4AF4-AE54-C78C4E808295}.Release|Any CPU.Build.0 = Release|Any CPU
		{CACA82DA-3823-48F5-9AB3-DD2337AEED66}.Debug|Any CPU.ActiveCfg = Debug|Any CPU
		{CACA82DA-3823-48F5-9AB3-DD2337AEED66}.Debug|Any CPU.Build.0 = Debug|Any CPU
		{CACA82DA-3823-48F5-9AB3-DD2337AEED66}.Release|Any CPU.ActiveCfg = Release|Any CPU
		{CACA82DA-3823-48F5-9AB3-DD2337AEED66}.Release|Any CPU.Build.0 = Release|Any CPU
		{9CA71D53-63DE-4C90-8548-B6BD296A04D6}.Debug|Any CPU.ActiveCfg = Debug|Any CPU
		{9CA71D53-63DE-4C90-8548-B6BD296A04D6}.Debug|Any CPU.Build.0 = Debug|Any CPU
		{9CA71D53-63DE-4C90-8548-B6BD296A04D6}.Release|Any CPU.ActiveCfg = Release|Any CPU
		{9CA71D53-63DE-4C90-8548-B6BD296A04D6}.Release|Any CPU.Build.0 = Release|Any CPU
		{30D5B6AC-1C03-4656-8A2F-00028E10962A}.Debug|Any CPU.ActiveCfg = Debug|Any CPU
		{30D5B6AC-1C03-4656-8A2F-00028E10962A}.Debug|Any CPU.Build.0 = Debug|Any CPU
		{30D5B6AC-1C03-4656-8A2F-00028E10962A}.Release|Any CPU.ActiveCfg = Release|Any CPU
		{30D5B6AC-1C03-4656-8A2F-00028E10962A}.Release|Any CPU.Build.0 = Release|Any CPU
	EndGlobalSection
	GlobalSection(SolutionProperties) = preSolution
		HideSolutionNode = FALSE
	EndGlobalSection
	GlobalSection(NestedProjects) = preSolution
		{71A188FC-F798-41F7-8CB8-814398CE674D} = {55E57391-9509-43D4-A458-93FB4766FE7B}
		{CE368551-4B9F-4C54-9CD7-337A0BAC36C0} = {1D76E208-31D3-4B00-A8B5-808348673FDE}
		{DA672856-1721-4AF4-AE54-C78C4E808295} = {CE368551-4B9F-4C54-9CD7-337A0BAC36C0}
		{CACA82DA-3823-48F5-9AB3-DD2337AEED66} = {3BDB1DD5-E3A7-4971-909D-D7453D435EE5}
		{E4E539B0-3592-4D34-B900-98FCA50F9D80} = {1D76E208-31D3-4B00-A8B5-808348673FDE}
		{9CA71D53-63DE-4C90-8548-B6BD296A04D6} = {E4E539B0-3592-4D34-B900-98FCA50F9D80}
		{30D5B6AC-1C03-4656-8A2F-00028E10962A} = {4075BFEE-F5D3-4195-9296-224FEB86F325}
	EndGlobalSection
EndGlobal
